
Microsoft Visual Studio Solution File, Format Version 12.00
# Visual Studio Version 16
VisualStudioVersion = 16.0.28705.295
MinimumVisualStudioVersion = 10.0.40219.1
Project("{2150E333-8FDC-42A3-9474-1A3956D46DE8}") = "Misc", "Misc", "{85B9C9F0-DF11-4717-9965-D0F4C40A5161}"
	ProjectSection(SolutionItems) = preProject
		.gitignore = .gitignore
		README.md = README.md
	EndProjectSection
EndProject
Project("{2150E333-8FDC-42A3-9474-1A3956D46DE8}") = "Architecture Docs", "Architecture Docs", "{4C393B8E-DBE4-46B5-AA30-4A97F011F9FF}"
	ProjectSection(SolutionItems) = preProject
		Avatars.md = Avatars.md
		ArchitectureDocs\Browser.md = ArchitectureDocs\Browser.md
		Emissary Marshalling Process.md = Emissary Marshalling Process.md
		ArchitectureDocs\High Level Use-Cases.md = ArchitectureDocs\High Level Use-Cases.md
		ArchitectureDocs\KudoProtocol.md = ArchitectureDocs\KudoProtocol.md
		Research.md = Research.md
		..\..\..\Documents\VRWorlds-Library-Layers.png = ..\..\..\Documents\VRWorlds-Library-Layers.png
		..\..\..\Documents\VRWorlds-Library-Layers.vsd = ..\..\..\Documents\VRWorlds-Library-Layers.vsd
	EndProjectSection
EndProject
Project("{2150E333-8FDC-42A3-9474-1A3956D46DE8}") = "Tools", "Tools", "{C4D3C944-71A9-414E-B500-832834E2519E}"
EndProject
Project("{9A19103F-16F7-4668-BE54-9A1E7A4F7556}") = "CreateSignedEmissary", "Tools\CreateSignedEmissary\CreateSignedEmissary.csproj", "{01543A5E-4AB6-4400-8F78-311A3FB8972C}"
EndProject
Project("{2150E333-8FDC-42A3-9474-1A3956D46DE8}") = "Solution Items", "Solution Items", "{13723AC4-A83B-4BC1-A757-87691DB0D673}"
	ProjectSection(SolutionItems) = preProject
		.filenesting.json = .filenesting.json
	EndProjectSection
EndProject
Project("{9A19103F-16F7-4668-BE54-9A1E7A4F7556}") = "ServerPrimarySchemas", "ServerPrimarySchemas\ServerPrimarySchemas.csproj", "{81C976C1-EFD0-4D3F-9645-72E2D1087D13}"
EndProject
Project("{9A19103F-16F7-4668-BE54-9A1E7A4F7556}") = "V8EmbeddedExperiment", "V8EmbeddedExperiment\V8EmbeddedExperiment.csproj", "{FDC6B9C6-621C-4141-B31E-DC13F28F9926}"
EndProject
Project("{2150E333-8FDC-42A3-9474-1A3956D46DE8}") = "Common Libraries", "Common Libraries", "{35E344D8-5107-45E5-AEB6-9A82E3971998}"
EndProject
Project("{9A19103F-16F7-4668-BE54-9A1E7A4F7556}") = "General Common", "General Common\General Common.csproj", "{DB61553B-AFB6-49E2-939C-27A83B84CF43}"
EndProject
Project("{9A19103F-16F7-4668-BE54-9A1E7A4F7556}") = "Server Common", "Server Common\Server Common.csproj", "{4AD3932A-4BD7-447C-A4E1-34743048C5FE}"
EndProject
Project("{2150E333-8FDC-42A3-9474-1A3956D46DE8}") = "Server Logic", "Server Logic", "{F4186354-EFB8-47D9-977A-057ECC6E04B9}"
EndProject
Project("{9A19103F-16F7-4668-BE54-9A1E7A4F7556}") = "Kudo Server", "Kudo Server\Kudo Server.csproj", "{B2341155-0180-41FF-9112-EA238F2EAF8E}"
EndProject
Project("{9A19103F-16F7-4668-BE54-9A1E7A4F7556}") = "Entity Server", "Entity Server\Entity Server.csproj", "{CE1F9729-E1DC-453D-8747-24FB3E6C0A60}"
EndProject
Project("{9A19103F-16F7-4668-BE54-9A1E7A4F7556}") = "World Server", "World Server\World Server.csproj", "{646C83C8-A25C-41CF-A3B4-BC02682FB6B7}"
EndProject
Project("{9A19103F-16F7-4668-BE54-9A1E7A4F7556}") = "Avatar Server", "Avatar Server\Avatar Server.csproj", "{B01F8154-0FFF-4E0B-8270-E539FF328344}"
EndProject
Project("{9A19103F-16F7-4668-BE54-9A1E7A4F7556}") = "Browser Standard Common", "Browser Standard Common\Browser Standard Common.csproj", "{87EDF122-0967-4D4E-B4FE-73A509F197F4}"
EndProject
Project("{2150E333-8FDC-42A3-9474-1A3956D46DE8}") = "Browser Logic", "Browser Logic", "{E6864262-B89A-4778-8DFF-D228CAC68BBE}"
EndProject
Project("{FAE04EC0-301F-11D3-BF4B-00C04F79EFBC}") = "BrowserEmissaryProcess", "BrowserEmissaryProcess\BrowserEmissaryProcess.csproj", "{2967FAF8-9B40-4154-802D-5D0931BA9A47}"
EndProject
Project("{9A19103F-16F7-4668-BE54-9A1E7A4F7556}") = "GeneralMessageSchemas", "GeneralMessageSchemas\GeneralMessageSchemas.csproj", "{D71573EB-569D-423F-A7B2-2AD62901C0FC}"
EndProject
Project("{FAE04EC0-301F-11D3-BF4B-00C04F79EFBC}") = "BrowserImageCache", "BrowserImageCache\BrowserImageCache.csproj", "{3C35E214-7D1E-4CAC-8F09-46F86855B484}"
EndProject
Project("{FAE04EC0-301F-11D3-BF4B-00C04F79EFBC}") = "BrowserMeshCache", "BrowserMeshCache\BrowserMeshCache.csproj", "{6DF7E38D-9039-41B0-BEA2-FAE78213DAC5}"
EndProject
Global
	GlobalSection(SolutionConfigurationPlatforms) = preSolution
		Debug|Any CPU = Debug|Any CPU
		NET46|Any CPU = NET46|Any CPU
		Release|Any CPU = Release|Any CPU
	EndGlobalSection
	GlobalSection(ProjectConfigurationPlatforms) = postSolution
		{01543A5E-4AB6-4400-8F78-311A3FB8972C}.Debug|Any CPU.ActiveCfg = Debug|Any CPU
		{01543A5E-4AB6-4400-8F78-311A3FB8972C}.Debug|Any CPU.Build.0 = Debug|Any CPU
		{01543A5E-4AB6-4400-8F78-311A3FB8972C}.NET46|Any CPU.ActiveCfg = Debug|Any CPU
		{01543A5E-4AB6-4400-8F78-311A3FB8972C}.Release|Any CPU.ActiveCfg = Release|Any CPU
		{01543A5E-4AB6-4400-8F78-311A3FB8972C}.Release|Any CPU.Build.0 = Release|Any CPU
		{81C976C1-EFD0-4D3F-9645-72E2D1087D13}.Debug|Any CPU.ActiveCfg = Debug|Any CPU
		{81C976C1-EFD0-4D3F-9645-72E2D1087D13}.Debug|Any CPU.Build.0 = Debug|Any CPU
		{81C976C1-EFD0-4D3F-9645-72E2D1087D13}.NET46|Any CPU.ActiveCfg = NET46|Any CPU
		{81C976C1-EFD0-4D3F-9645-72E2D1087D13}.NET46|Any CPU.Build.0 = NET46|Any CPU
		{81C976C1-EFD0-4D3F-9645-72E2D1087D13}.Release|Any CPU.ActiveCfg = Release|Any CPU
		{81C976C1-EFD0-4D3F-9645-72E2D1087D13}.Release|Any CPU.Build.0 = Release|Any CPU
		{FDC6B9C6-621C-4141-B31E-DC13F28F9926}.Debug|Any CPU.ActiveCfg = Debug|Any CPU
		{FDC6B9C6-621C-4141-B31E-DC13F28F9926}.Debug|Any CPU.Build.0 = Debug|Any CPU
		{FDC6B9C6-621C-4141-B31E-DC13F28F9926}.NET46|Any CPU.ActiveCfg = Debug|Any CPU
		{FDC6B9C6-621C-4141-B31E-DC13F28F9926}.NET46|Any CPU.Build.0 = Debug|Any CPU
		{FDC6B9C6-621C-4141-B31E-DC13F28F9926}.Release|Any CPU.ActiveCfg = Release|Any CPU
		{FDC6B9C6-621C-4141-B31E-DC13F28F9926}.Release|Any CPU.Build.0 = Release|Any CPU
		{DB61553B-AFB6-49E2-939C-27A83B84CF43}.Debug|Any CPU.ActiveCfg = Debug|Any CPU
		{DB61553B-AFB6-49E2-939C-27A83B84CF43}.Debug|Any CPU.Build.0 = Debug|Any CPU
		{DB61553B-AFB6-49E2-939C-27A83B84CF43}.NET46|Any CPU.ActiveCfg = Debug|Any CPU
		{DB61553B-AFB6-49E2-939C-27A83B84CF43}.NET46|Any CPU.Build.0 = Debug|Any CPU
		{DB61553B-AFB6-49E2-939C-27A83B84CF43}.Release|Any CPU.ActiveCfg = Release|Any CPU
		{DB61553B-AFB6-49E2-939C-27A83B84CF43}.Release|Any CPU.Build.0 = Release|Any CPU
		{4AD3932A-4BD7-447C-A4E1-34743048C5FE}.Debug|Any CPU.ActiveCfg = Debug|Any CPU
		{4AD3932A-4BD7-447C-A4E1-34743048C5FE}.Debug|Any CPU.Build.0 = Debug|Any CPU
		{4AD3932A-4BD7-447C-A4E1-34743048C5FE}.NET46|Any CPU.ActiveCfg = Debug|Any CPU
		{4AD3932A-4BD7-447C-A4E1-34743048C5FE}.NET46|Any CPU.Build.0 = Debug|Any CPU
		{4AD3932A-4BD7-447C-A4E1-34743048C5FE}.Release|Any CPU.ActiveCfg = Release|Any CPU
		{4AD3932A-4BD7-447C-A4E1-34743048C5FE}.Release|Any CPU.Build.0 = Release|Any CPU
		{B2341155-0180-41FF-9112-EA238F2EAF8E}.Debug|Any CPU.ActiveCfg = Debug|Any CPU
		{B2341155-0180-41FF-9112-EA238F2EAF8E}.Debug|Any CPU.Build.0 = Debug|Any CPU
		{B2341155-0180-41FF-9112-EA238F2EAF8E}.NET46|Any CPU.ActiveCfg = Debug|Any CPU
		{B2341155-0180-41FF-9112-EA238F2EAF8E}.NET46|Any CPU.Build.0 = Debug|Any CPU
		{B2341155-0180-41FF-9112-EA238F2EAF8E}.Release|Any CPU.ActiveCfg = Release|Any CPU
		{B2341155-0180-41FF-9112-EA238F2EAF8E}.Release|Any CPU.Build.0 = Release|Any CPU
		{CE1F9729-E1DC-453D-8747-24FB3E6C0A60}.Debug|Any CPU.ActiveCfg = Debug|Any CPU
		{CE1F9729-E1DC-453D-8747-24FB3E6C0A60}.Debug|Any CPU.Build.0 = Debug|Any CPU
		{CE1F9729-E1DC-453D-8747-24FB3E6C0A60}.NET46|Any CPU.ActiveCfg = Debug|Any CPU
		{CE1F9729-E1DC-453D-8747-24FB3E6C0A60}.NET46|Any CPU.Build.0 = Debug|Any CPU
		{CE1F9729-E1DC-453D-8747-24FB3E6C0A60}.Release|Any CPU.ActiveCfg = Release|Any CPU
		{CE1F9729-E1DC-453D-8747-24FB3E6C0A60}.Release|Any CPU.Build.0 = Release|Any CPU
		{646C83C8-A25C-41CF-A3B4-BC02682FB6B7}.Debug|Any CPU.ActiveCfg = Debug|Any CPU
		{646C83C8-A25C-41CF-A3B4-BC02682FB6B7}.Debug|Any CPU.Build.0 = Debug|Any CPU
		{646C83C8-A25C-41CF-A3B4-BC02682FB6B7}.NET46|Any CPU.ActiveCfg = Debug|Any CPU
		{646C83C8-A25C-41CF-A3B4-BC02682FB6B7}.NET46|Any CPU.Build.0 = Debug|Any CPU
		{646C83C8-A25C-41CF-A3B4-BC02682FB6B7}.Release|Any CPU.ActiveCfg = Release|Any CPU
		{646C83C8-A25C-41CF-A3B4-BC02682FB6B7}.Release|Any CPU.Build.0 = Release|Any CPU
		{B01F8154-0FFF-4E0B-8270-E539FF328344}.Debug|Any CPU.ActiveCfg = Debug|Any CPU
		{B01F8154-0FFF-4E0B-8270-E539FF328344}.Debug|Any CPU.Build.0 = Debug|Any CPU
		{B01F8154-0FFF-4E0B-8270-E539FF328344}.NET46|Any CPU.ActiveCfg = Debug|Any CPU
		{B01F8154-0FFF-4E0B-8270-E539FF328344}.NET46|Any CPU.Build.0 = Debug|Any CPU
		{B01F8154-0FFF-4E0B-8270-E539FF328344}.Release|Any CPU.ActiveCfg = Release|Any CPU
		{B01F8154-0FFF-4E0B-8270-E539FF328344}.Release|Any CPU.Build.0 = Release|Any CPU
		{87EDF122-0967-4D4E-B4FE-73A509F197F4}.Debug|Any CPU.ActiveCfg = Debug|Any CPU
		{87EDF122-0967-4D4E-B4FE-73A509F197F4}.Debug|Any CPU.Build.0 = Debug|Any CPU
		{87EDF122-0967-4D4E-B4FE-73A509F197F4}.NET46|Any CPU.ActiveCfg = Debug|Any CPU
		{87EDF122-0967-4D4E-B4FE-73A509F197F4}.NET46|Any CPU.Build.0 = Debug|Any CPU
		{87EDF122-0967-4D4E-B4FE-73A509F197F4}.Release|Any CPU.ActiveCfg = Release|Any CPU
		{87EDF122-0967-4D4E-B4FE-73A509F197F4}.Release|Any CPU.Build.0 = Release|Any CPU
		{2967FAF8-9B40-4154-802D-5D0931BA9A47}.Debug|Any CPU.ActiveCfg = Debug|Any CPU
		{2967FAF8-9B40-4154-802D-5D0931BA9A47}.Debug|Any CPU.Build.0 = Debug|Any CPU
		{2967FAF8-9B40-4154-802D-5D0931BA9A47}.NET46|Any CPU.ActiveCfg = Release|Any CPU
		{2967FAF8-9B40-4154-802D-5D0931BA9A47}.NET46|Any CPU.Build.0 = Release|Any CPU
		{2967FAF8-9B40-4154-802D-5D0931BA9A47}.Release|Any CPU.ActiveCfg = Release|Any CPU
		{2967FAF8-9B40-4154-802D-5D0931BA9A47}.Release|Any CPU.Build.0 = Release|Any CPU
		{D71573EB-569D-423F-A7B2-2AD62901C0FC}.Debug|Any CPU.ActiveCfg = Debug|Any CPU
		{D71573EB-569D-423F-A7B2-2AD62901C0FC}.Debug|Any CPU.Build.0 = Debug|Any CPU
		{D71573EB-569D-423F-A7B2-2AD62901C0FC}.NET46|Any CPU.ActiveCfg = Debug|Any CPU
		{D71573EB-569D-423F-A7B2-2AD62901C0FC}.NET46|Any CPU.Build.0 = Debug|Any CPU
		{D71573EB-569D-423F-A7B2-2AD62901C0FC}.Release|Any CPU.ActiveCfg = Release|Any CPU
		{D71573EB-569D-423F-A7B2-2AD62901C0FC}.Release|Any CPU.Build.0 = Release|Any CPU
		{3C35E214-7D1E-4CAC-8F09-46F86855B484}.Debug|Any CPU.ActiveCfg = Debug|Any CPU
		{3C35E214-7D1E-4CAC-8F09-46F86855B484}.Debug|Any CPU.Build.0 = Debug|Any CPU
		{3C35E214-7D1E-4CAC-8F09-46F86855B484}.NET46|Any CPU.ActiveCfg = Release|Any CPU
		{3C35E214-7D1E-4CAC-8F09-46F86855B484}.NET46|Any CPU.Build.0 = Release|Any CPU
		{3C35E214-7D1E-4CAC-8F09-46F86855B484}.Release|Any CPU.ActiveCfg = Release|Any CPU
		{3C35E214-7D1E-4CAC-8F09-46F86855B484}.Release|Any CPU.Build.0 = Release|Any CPU
		{6DF7E38D-9039-41B0-BEA2-FAE78213DAC5}.Debug|Any CPU.ActiveCfg = Debug|Any CPU
		{6DF7E38D-9039-41B0-BEA2-FAE78213DAC5}.Debug|Any CPU.Build.0 = Debug|Any CPU
		{6DF7E38D-9039-41B0-BEA2-FAE78213DAC5}.NET46|Any CPU.ActiveCfg = Release|Any CPU
		{6DF7E38D-9039-41B0-BEA2-FAE78213DAC5}.NET46|Any CPU.Build.0 = Release|Any CPU
		{6DF7E38D-9039-41B0-BEA2-FAE78213DAC5}.Release|Any CPU.ActiveCfg = Release|Any CPU
		{6DF7E38D-9039-41B0-BEA2-FAE78213DAC5}.Release|Any CPU.Build.0 = Release|Any CPU
	EndGlobalSection
	GlobalSection(SolutionProperties) = preSolution
		HideSolutionNode = FALSE
	EndGlobalSection
	GlobalSection(NestedProjects) = preSolution
		{01543A5E-4AB6-4400-8F78-311A3FB8972C} = {C4D3C944-71A9-414E-B500-832834E2519E}
		{81C976C1-EFD0-4D3F-9645-72E2D1087D13} = {35E344D8-5107-45E5-AEB6-9A82E3971998}
		{DB61553B-AFB6-49E2-939C-27A83B84CF43} = {35E344D8-5107-45E5-AEB6-9A82E3971998}
		{4AD3932A-4BD7-447C-A4E1-34743048C5FE} = {35E344D8-5107-45E5-AEB6-9A82E3971998}
		{B2341155-0180-41FF-9112-EA238F2EAF8E} = {F4186354-EFB8-47D9-977A-057ECC6E04B9}
		{CE1F9729-E1DC-453D-8747-24FB3E6C0A60} = {F4186354-EFB8-47D9-977A-057ECC6E04B9}
		{646C83C8-A25C-41CF-A3B4-BC02682FB6B7} = {F4186354-EFB8-47D9-977A-057ECC6E04B9}
		{B01F8154-0FFF-4E0B-8270-E539FF328344} = {F4186354-EFB8-47D9-977A-057ECC6E04B9}
		{87EDF122-0967-4D4E-B4FE-73A509F197F4} = {35E344D8-5107-45E5-AEB6-9A82E3971998}
		{2967FAF8-9B40-4154-802D-5D0931BA9A47} = {E6864262-B89A-4778-8DFF-D228CAC68BBE}
		{D71573EB-569D-423F-A7B2-2AD62901C0FC} = {35E344D8-5107-45E5-AEB6-9A82E3971998}
		{3C35E214-7D1E-4CAC-8F09-46F86855B484} = {E6864262-B89A-4778-8DFF-D228CAC68BBE}
		{6DF7E38D-9039-41B0-BEA2-FAE78213DAC5} = {E6864262-B89A-4778-8DFF-D228CAC68BBE}
	EndGlobalSection
	GlobalSection(ExtensibilityGlobals) = postSolution
		SolutionGuid = {9955A4E7-D8B7-473C-98A6-E72DFDFB4624}
	EndGlobalSection
EndGlobal
