
Microsoft Visual Studio Solution File, Format Version 12.00
# Visual Studio Version 16
VisualStudioVersion = 16.0.28705.295
MinimumVisualStudioVersion = 10.0.40219.1
Project("{9A19103F-16F7-4668-BE54-9A1E7A4F7556}") = "Common", "Common\Common.csproj", "{8C899D40-00AD-4572-BB04-063FF40D0916}"
EndProject
Project("{9A19103F-16F7-4668-BE54-9A1E7A4F7556}") = "Browser", "Browser\Browser.csproj", "{505206CD-F542-4CDE-B4CE-450A98659C8E}"
EndProject
Project("{9A19103F-16F7-4668-BE54-9A1E7A4F7556}") = "Server", "Server\Server.csproj", "{0162687E-1834-45A7-822A-EA532A062B10}"
EndProject
Project("{2150E333-8FDC-42A3-9474-1A3956D46DE8}") = "Misc", "Misc", "{85B9C9F0-DF11-4717-9965-D0F4C40A5161}"
	ProjectSection(SolutionItems) = preProject
		.gitignore = .gitignore
		README.md = README.md
	EndProjectSection
EndProject
Project("{2150E333-8FDC-42A3-9474-1A3956D46DE8}") = "KudoMicroservices", "KudoMicroservices", "{BD2280FE-F20E-4E55-8001-BA56DA5CA259}"
EndProject
Project("{9A19103F-16F7-4668-BE54-9A1E7A4F7556}") = "Kudo_Vouch", "KudoMicroservices\Kudo_Vouch\Kudo_Vouch.csproj", "{7884BD6C-5DD9-4004-8B2A-1D189F7E194F}"
EndProject
Project("{2150E333-8FDC-42A3-9474-1A3956D46DE8}") = "Architecture Docs", "Architecture Docs", "{4C393B8E-DBE4-46B5-AA30-4A97F011F9FF}"
	ProjectSection(SolutionItems) = preProject
		Avatars.md = Avatars.md
		ArchitectureDocs\Browser.md = ArchitectureDocs\Browser.md
		Emissary Marshalling Process.md = Emissary Marshalling Process.md
		ArchitectureDocs\High Level Use-Cases.md = ArchitectureDocs\High Level Use-Cases.md
		ArchitectureDocs\KudoProtocol.md = ArchitectureDocs\KudoProtocol.md
		Research.md = Research.md
	EndProjectSection
EndProject
Project("{2150E333-8FDC-42A3-9474-1A3956D46DE8}") = "Common Microservices", "Common Microservices", "{93CDE9A0-2A5E-4FBA-BD8C-7BD808BD3BD0}"
EndProject
Project("{9A19103F-16F7-4668-BE54-9A1E7A4F7556}") = "MarshallEmissary", "MarshallEmissary\MarshallEmissary.csproj", "{DA721731-C522-46EA-8245-CF9D086A1EDA}"
EndProject
Project("{2150E333-8FDC-42A3-9474-1A3956D46DE8}") = "Tools", "Tools", "{C4D3C944-71A9-414E-B500-832834E2519E}"
EndProject
Project("{9A19103F-16F7-4668-BE54-9A1E7A4F7556}") = "CreateSignedEmissary", "Tools\CreateSignedEmissary\CreateSignedEmissary.csproj", "{01543A5E-4AB6-4400-8F78-311A3FB8972C}"
	ProjectSection(ProjectDependencies) = postProject
		{8C899D40-00AD-4572-BB04-063FF40D0916} = {8C899D40-00AD-4572-BB04-063FF40D0916}
	EndProjectSection
EndProject
Project("{2150E333-8FDC-42A3-9474-1A3956D46DE8}") = "Solution Items", "Solution Items", "{13723AC4-A83B-4BC1-A757-87691DB0D673}"
	ProjectSection(SolutionItems) = preProject
		.filenesting.json = .filenesting.json
	EndProjectSection
EndProject
Project("{9A19103F-16F7-4668-BE54-9A1E7A4F7556}") = "ServerPrimarySchemas", "ServerPrimarySchemas\ServerPrimarySchemas.csproj", "{81C976C1-EFD0-4D3F-9645-72E2D1087D13}"
EndProject
Project("{9A19103F-16F7-4668-BE54-9A1E7A4F7556}") = "FlatBuffers.Core", "FlatBuffers\FlatBuffers.Core.csproj", "{FB2D37FE-80D1-4D7A-BC4F-914EB45C40C3}"
EndProject
Project("{FAE04EC0-301F-11D3-BF4B-00C04F79EFBC}") = "KudoClientTest", "KudoClientTest\KudoClientTest.csproj", "{C2E9E3C4-2B14-45CD-8FFA-4D1179A873A4}"
EndProject
Global
	GlobalSection(SolutionConfigurationPlatforms) = preSolution
		Debug|Any CPU = Debug|Any CPU
		Release|Any CPU = Release|Any CPU
	EndGlobalSection
	GlobalSection(ProjectConfigurationPlatforms) = postSolution
		{8C899D40-00AD-4572-BB04-063FF40D0916}.Debug|Any CPU.ActiveCfg = Debug|Any CPU
		{8C899D40-00AD-4572-BB04-063FF40D0916}.Debug|Any CPU.Build.0 = Debug|Any CPU
		{8C899D40-00AD-4572-BB04-063FF40D0916}.Release|Any CPU.ActiveCfg = Release|Any CPU
		{8C899D40-00AD-4572-BB04-063FF40D0916}.Release|Any CPU.Build.0 = Release|Any CPU
		{505206CD-F542-4CDE-B4CE-450A98659C8E}.Debug|Any CPU.ActiveCfg = Debug|Any CPU
		{505206CD-F542-4CDE-B4CE-450A98659C8E}.Debug|Any CPU.Build.0 = Debug|Any CPU
		{505206CD-F542-4CDE-B4CE-450A98659C8E}.Release|Any CPU.ActiveCfg = Release|Any CPU
		{505206CD-F542-4CDE-B4CE-450A98659C8E}.Release|Any CPU.Build.0 = Release|Any CPU
		{0162687E-1834-45A7-822A-EA532A062B10}.Debug|Any CPU.ActiveCfg = Debug|Any CPU
		{0162687E-1834-45A7-822A-EA532A062B10}.Debug|Any CPU.Build.0 = Debug|Any CPU
		{0162687E-1834-45A7-822A-EA532A062B10}.Release|Any CPU.ActiveCfg = Release|Any CPU
		{0162687E-1834-45A7-822A-EA532A062B10}.Release|Any CPU.Build.0 = Release|Any CPU
		{7884BD6C-5DD9-4004-8B2A-1D189F7E194F}.Debug|Any CPU.ActiveCfg = Debug|Any CPU
		{7884BD6C-5DD9-4004-8B2A-1D189F7E194F}.Debug|Any CPU.Build.0 = Debug|Any CPU
		{7884BD6C-5DD9-4004-8B2A-1D189F7E194F}.Release|Any CPU.ActiveCfg = Release|Any CPU
		{7884BD6C-5DD9-4004-8B2A-1D189F7E194F}.Release|Any CPU.Build.0 = Release|Any CPU
		{DA721731-C522-46EA-8245-CF9D086A1EDA}.Debug|Any CPU.ActiveCfg = Debug|Any CPU
		{DA721731-C522-46EA-8245-CF9D086A1EDA}.Debug|Any CPU.Build.0 = Debug|Any CPU
		{DA721731-C522-46EA-8245-CF9D086A1EDA}.Release|Any CPU.ActiveCfg = Release|Any CPU
		{DA721731-C522-46EA-8245-CF9D086A1EDA}.Release|Any CPU.Build.0 = Release|Any CPU
		{01543A5E-4AB6-4400-8F78-311A3FB8972C}.Debug|Any CPU.ActiveCfg = Debug|Any CPU
		{01543A5E-4AB6-4400-8F78-311A3FB8972C}.Debug|Any CPU.Build.0 = Debug|Any CPU
		{01543A5E-4AB6-4400-8F78-311A3FB8972C}.Release|Any CPU.ActiveCfg = Release|Any CPU
		{01543A5E-4AB6-4400-8F78-311A3FB8972C}.Release|Any CPU.Build.0 = Release|Any CPU
		{81C976C1-EFD0-4D3F-9645-72E2D1087D13}.Debug|Any CPU.ActiveCfg = Debug|Any CPU
		{81C976C1-EFD0-4D3F-9645-72E2D1087D13}.Debug|Any CPU.Build.0 = Debug|Any CPU
		{81C976C1-EFD0-4D3F-9645-72E2D1087D13}.Release|Any CPU.ActiveCfg = Release|Any CPU
		{81C976C1-EFD0-4D3F-9645-72E2D1087D13}.Release|Any CPU.Build.0 = Release|Any CPU
		{FB2D37FE-80D1-4D7A-BC4F-914EB45C40C3}.Debug|Any CPU.ActiveCfg = Debug|Any CPU
		{FB2D37FE-80D1-4D7A-BC4F-914EB45C40C3}.Debug|Any CPU.Build.0 = Debug|Any CPU
		{FB2D37FE-80D1-4D7A-BC4F-914EB45C40C3}.Release|Any CPU.ActiveCfg = Release|Any CPU
		{FB2D37FE-80D1-4D7A-BC4F-914EB45C40C3}.Release|Any CPU.Build.0 = Release|Any CPU
		{C2E9E3C4-2B14-45CD-8FFA-4D1179A873A4}.Debug|Any CPU.ActiveCfg = Debug|Any CPU
		{C2E9E3C4-2B14-45CD-8FFA-4D1179A873A4}.Debug|Any CPU.Build.0 = Debug|Any CPU
		{C2E9E3C4-2B14-45CD-8FFA-4D1179A873A4}.Release|Any CPU.ActiveCfg = Release|Any CPU
		{C2E9E3C4-2B14-45CD-8FFA-4D1179A873A4}.Release|Any CPU.Build.0 = Release|Any CPU
	EndGlobalSection
	GlobalSection(SolutionProperties) = preSolution
		HideSolutionNode = FALSE
	EndGlobalSection
	GlobalSection(NestedProjects) = preSolution
		{7884BD6C-5DD9-4004-8B2A-1D189F7E194F} = {BD2280FE-F20E-4E55-8001-BA56DA5CA259}
		{DA721731-C522-46EA-8245-CF9D086A1EDA} = {93CDE9A0-2A5E-4FBA-BD8C-7BD808BD3BD0}
		{01543A5E-4AB6-4400-8F78-311A3FB8972C} = {C4D3C944-71A9-414E-B500-832834E2519E}
		{C2E9E3C4-2B14-45CD-8FFA-4D1179A873A4} = {BD2280FE-F20E-4E55-8001-BA56DA5CA259}
	EndGlobalSection
	GlobalSection(ExtensibilityGlobals) = postSolution
		SolutionGuid = {9955A4E7-D8B7-473C-98A6-E72DFDFB4624}
	EndGlobalSection
EndGlobal
